{
  "name": "dialer",
  "lockfileVersion": 3,
  "requires": true,
  "packages": {
    "": {
      "dependencies": {
        "twilio-client": "^1.15.1"
      }
    },
    "node_modules/@twilio/audioplayer": {
      "version": "1.0.6",
      "resolved": "https://registry.npmjs.org/@twilio/audioplayer/-/audioplayer-1.0.6.tgz",
      "integrity": "sha512-c9cjX/ifICgXqShtyAQdVMqfe7odnxougiuRMXBJtn3dZ320mFdt7kmuKedpNnc3ZJ6irOZ9M9MZi9/vuEqHiw==",
      "license": "BSD-3-Clause",
      "dependencies": {
        "babel-runtime": "^6.26.0"
      }
    },
    "node_modules/@twilio/voice-errors": {
      "version": "1.0.1",
      "resolved": "https://registry.npmjs.org/@twilio/voice-errors/-/voice-errors-1.0.1.tgz",
      "integrity": "sha512-iXzCuiOhNMhrr8DVjRRzI14YwGUIBM83kWSWcDktxmXim0Tz9xoCth4QFAQcMkNL2h9DlfXlob6noH+3h2iA4A==",
      "license": "BSD-3-Clause"
    },
    "node_modules/babel-runtime": {
      "version": "6.26.0",
      "resolved": "https://registry.npmjs.org/babel-runtime/-/babel-runtime-6.26.0.tgz",
      "integrity": "sha512-ITKNuq2wKlW1fJg9sSW52eepoYgZBggvOAHC0u/CYu/qxQ9EVzThCgR69BnSXLHjy2f7SY5zaQ4yt7H9ZVxY2g==",
      "license": "MIT",
      "dependencies": {
        "core-js": "^2.4.0",
        "regenerator-runtime": "^0.11.0"
      }
    },
    "node_modules/backoff": {
      "version": "2.5.0",
      "resolved": "https://registry.npmjs.org/backoff/-/backoff-2.5.0.tgz",
      "integrity": "sha512-wC5ihrnUXmR2douXmXLCe5O3zg3GKIyvRi/hi58a/XyRxVI+3/yM0PYueQOZXPXQ9pxBislYkw+sF9b7C/RuMA==",
      "license": "MIT",
      "dependencies": {
        "precond": "0.2"
      },
      "engines": {
        "node": ">= 0.6"
      }
    },
    "node_modules/core-js": {
      "version": "2.6.12",
      "resolved": "https://registry.npmjs.org/core-js/-/core-js-2.6.12.tgz",
      "integrity": "sha512-Kb2wC0fvsWfQrgk8HU5lW6U/Lcs8+9aaYcy4ZFc6DDlo4nZ7n70dEgE5rtR0oG6ufKDUnrwfWL1mXR5ljDatrQ==",
      "deprecated": "core-js@<3.23.3 is no longer maintained and not recommended for usage due to the number of issues. Because of the V8 engine whims, feature detection in old core-js versions could cause a slowdown up to 100x even if nothing is polyfilled. Some versions have web compatibility issues. Please, upgrade your dependencies to the actual version of core-js.",
      "hasInstallScript": true,
      "license": "MIT"
    },
    "node_modules/loglevel": {
      "version": "1.6.7",
      "resolved": "https://registry.npmjs.org/loglevel/-/loglevel-1.6.7.tgz",
      "integrity": "sha512-cY2eLFrQSAfVPhCgH1s7JI73tMbg9YC3v3+ZHVW67sBS7UxWzNEk/ZBbSfLykBWHp33dqqtOv82gjhKEi81T/A==",
      "license": "MIT",
      "engines": {
        "node": ">= 0.6.0"
      },
      "funding": {
        "type": "tidelift",
        "url": "https://tidelift.com/subscription/pkg/npm-loglevel?utm_medium=referral&utm_source=npm_fund"
      }
    },
    "node_modules/precond": {
      "version": "0.2.3",
      "resolved": "https://registry.npmjs.org/precond/-/precond-0.2.3.tgz",
      "integrity": "sha512-QCYG84SgGyGzqJ/vlMsxeXd/pgL/I94ixdNFyh1PusWmTCyVfPJjZ1K1jvHtsbfnXQs2TSkEP2fR7QiMZAnKFQ==",
      "engines": {
        "node": ">= 0.6"
      }
    },
    "node_modules/regenerator-runtime": {
      "version": "0.11.1",
      "resolved": "https://registry.npmjs.org/regenerator-runtime/-/regenerator-runtime-0.11.1.tgz",
      "integrity": "sha512-MguG95oij0fC3QV3URf4V2SDYGJhJnJGqvIIgdECeODCT98wSWDAJ94SSuVpYQUoTcGUIL6L4yNB7j1DFFHSBg==",
      "license": "MIT"
    },
    "node_modules/rtcpeerconnection-shim": {
      "version": "1.2.8",
      "resolved": "https://registry.npmjs.org/rtcpeerconnection-shim/-/rtcpeerconnection-shim-1.2.8.tgz",
      "integrity": "sha512-5Sx90FGru1sQw9aGOM+kHU4i6mbP8eJPgxliu2X3Syhg8qgDybx8dpDTxUwfJvPnubXFnZeRNl59DWr4AttJKQ==",
      "license": "BSD-3-Clause",
      "dependencies": {
        "sdp": "^2.6.0"
      },
      "engines": {
        "node": ">=6.0.0",
        "npm": ">=3.10.0"
      }
    },
    "node_modules/sdp": {
      "version": "2.12.0",
      "resolved": "https://registry.npmjs.org/sdp/-/sdp-2.12.0.tgz",
      "integrity": "sha512-jhXqQAQVM+8Xj5EjJGVweuEzgtGWb3tmEEpl3CLP3cStInSbVHSg0QWOGQzNq8pSID4JkpeV2mPqlMDLrm0/Vw==",
      "license": "MIT"
    },
    "node_modules/twilio-client": {
      "version": "1.15.1",
      "resolved": "https://registry.npmjs.org/twilio-client/-/twilio-client-1.15.1.tgz",
      "integrity": "sha512-O2Cdq4THosTPLMIfFK0/xcS8SCCLUiv1hDB4i4sAisqtfHEVLXSuNoL332rPkDPC3jzgm3C5zzbEz/XyEXO+NQ==",
      "deprecated": "Effective April 1, 2025, Twilio will end of life (EOL) our support for Twilio Voice JS SDK version 1.x. Please migrate to version 2.x https://www.twilio.com/docs/voice/sdks/javascript/migrating-to-js-voice-sdk-20",
      "license": "Apache-2.0",
      "dependencies": {
        "@twilio/audioplayer": "1.0.6",
        "@twilio/voice-errors": "1.0.1",
        "backoff": "2.5.0",
        "loglevel": "1.6.7",
        "rtcpeerconnection-shim": "1.2.8",
        "ws": "7.4.6",
        "xmlhttprequest": "1.8.0"
      },
      "engines": {
        "node": ">= 12"
      }
    },
    "node_modules/ws": {
      "version": "7.4.6",
      "resolved": "https://registry.npmjs.org/ws/-/ws-7.4.6.tgz",
      "integrity": "sha512-YmhHDO4MzaDLB+M9ym/mDA5z0naX8j7SIlT8f8z+I0VtzsRbekxEutHSme7NPS2qE8StCYQNUnfWdXta/Yu85A==",
      "license": "MIT",
      "engines": {
        "node": ">=8.3.0"
      },
      "peerDependencies": {
        "bufferutil": "^4.0.1",
        "utf-8-validate": "^5.0.2"
      },
      "peerDependenciesMeta": {
        "bufferutil": {
          "optional": true
        },
        "utf-8-validate": {
          "optional": true
        }
      }
    },
    "node_modules/xmlhttprequest": {
      "version": "1.8.0",
      "resolved": "https://registry.npmjs.org/xmlhttprequest/-/xmlhttprequest-1.8.0.tgz",
      "integrity": "sha512-58Im/U0mlVBLM38NdZjHyhuMtCqa61469k2YP/AaPbvCoV9aQGUpbJBj1QRm2ytRiVQBD/fsw7L2bJGDVQswBA==",
      "license": "MIT",
      "engines": {
        "node": ">=0.4.0"
      }
    }
  }
}
